
Microsoft Visual Studio Solution File, Format Version 12.00
# Visual Studio 15
VisualStudioVersion = 15.0.28307.271
MinimumVisualStudioVersion = 10.0.40219.1
Project("{FAE04EC0-301F-11D3-BF4B-00C04F79EFBC}") = "UniversityClinicHospital", "UniversityClinicHospital\UniversityClinicHospital.csproj", "{B06CEC10-F238-43AE-B4E5-8BBB03D3EC60}"
EndProject
Project("{FAE04EC0-301F-11D3-BF4B-00C04F79EFBC}") = "UniversityClinicHospital.Test", "UniversityClinicHospital.Test\UniversityClinicHospital.Test.csproj", "{AF39D1F9-01B1-4A13-8872-E52D801B0EAC}"
EndProject
Global
	GlobalSection(SolutionConfigurationPlatforms) = preSolution
		Debug|Any CPU = Debug|Any CPU
		Release|Any CPU = Release|Any CPU
	EndGlobalSection
	GlobalSection(ProjectConfigurationPlatforms) = postSolution
		{B06CEC10-F238-43AE-B4E5-8BBB03D3EC60}.Debug|Any CPU.ActiveCfg = Debug|Any CPU
		{B06CEC10-F238-43AE-B4E5-8BBB03D3EC60}.Debug|Any CPU.Build.0 = Debug|Any CPU
		{B06CEC10-F238-43AE-B4E5-8BBB03D3EC60}.Release|Any CPU.ActiveCfg = Release|Any CPU
		{B06CEC10-F238-43AE-B4E5-8BBB03D3EC60}.Release|Any CPU.Build.0 = Release|Any CPU
		{AF39D1F9-01B1-4A13-8872-E52D801B0EAC}.Debug|Any CPU.ActiveCfg = Debug|Any CPU
		{AF39D1F9-01B1-4A13-8872-E52D801B0EAC}.Debug|Any CPU.Build.0 = Debug|Any CPU
		{AF39D1F9-01B1-4A13-8872-E52D801B0EAC}.Release|Any CPU.ActiveCfg = Release|Any CPU
		{AF39D1F9-01B1-4A13-8872-E52D801B0EAC}.Release|Any CPU.Build.0 = Release|Any CPU
	EndGlobalSection
	GlobalSection(SolutionProperties) = preSolution
		HideSolutionNode = FALSE
	EndGlobalSection
	GlobalSection(ExtensibilityGlobals) = postSolution
		SolutionGuid = {BB1F6F73-BF3D-4297-89CF-7DB9FBB56DFF}
	EndGlobalSection
EndGlobal
